<Solution>
  <Folder Name="/src/">
    <Project Path="src/OpenCode.Workspace.AppSupport/OpenCode.Workspace.AppSupport.csproj" />
    <Project Path="src/OpenCode.Workspace.Avalonia/OpenCode.Workspace.Avalonia.csproj" />
    <Project Path="src/OpenCode.Workspace.Core/OpenCode.Workspace.Core.csproj" />
    <Project Path="src/OpenCode.Workspace.Cli/OpenCode.Workspace.Cli.csproj" />
    <Project Path="src/OpenCode.Workspace.Platform/OpenCode.Workspace.Platform.csproj" />
    <Project Path="src/OpenCode.Workspace.Platform.Linux/OpenCode.Workspace.Platform.Linux.csproj" />
    <Project Path="src/OpenCode.Workspace.Platform.MacOS/OpenCode.Workspace.Platform.MacOS.csproj" />
    <Project Path="src/OpenCode.Workspace.Platform.Windows/OpenCode.Workspace.Platform.Windows.csproj" />
  </Folder>
  <Folder Name="/tests/">
    <Project Path="tests/OpenCode.Workspace.Avalonia.Tests/OpenCode.Workspace.Avalonia.Tests.csproj" />
    <Project Path="tests/OpenCode.Workspace.Cli.Tests/OpenCode.Workspace.Cli.Tests.csproj" />
    <Project Path="tests/OpenCode.Workspace.Core.Tests/OpenCode.Workspace.Core.Tests.csproj" />
    <Project Path="tests/OpenCode.Workspace.Platform.Linux.Tests/OpenCode.Workspace.Platform.Linux.Tests.csproj" />
    <Project Path="tests/OpenCode.Workspace.Platform.MacOS.Tests/OpenCode.Workspace.Platform.MacOS.Tests.csproj" />
    <Project Path="tests/OpenCode.Workspace.Platform.Windows.Tests/OpenCode.Workspace.Platform.Windows.Tests.csproj" />
  </Folder>
</Solution>
