<Solution>
  <Folder Name="/src/">
    <Project Path="src/OpenCode.Workspace.Core/OpenCode.Workspace.Core.csproj" />
    <Project Path="src/OpenCode.Workspace.Manager/OpenCode.Workspace.Manager.csproj" />
  </Folder>
  <Folder Name="/tests/">
    <Project Path="tests/OpenCode.Workspace.Core.Tests/OpenCode.Workspace.Core.Tests.csproj" />
    <Project Path="tests/OpenCode.Workspace.Windows.Tests/OpenCode.Workspace.Windows.Tests.csproj" />
  </Folder>
</Solution>
